
Microsoft Visual Studio Solution File, Format Version 12.00
Project("{FAE04EC0-301F-11D3-BF4B-00C04F79EFBC}") = "VaultPreviewLambda", "src\VaultPreviewLambda\VaultPreviewLambda.csproj", "{91893B3D-5221-44D5-A97D-881FF74DF9EF}"
EndProject
Project("{2150E333-8FDC-42A3-9474-1A3956D46DE8}") = "SolutionFolder", "SolutionFolder", "{CCB03E06-3AAF-4019-B7DB-23BBAC4AC73F}"
	ProjectSection(SolutionItems) = preProject
		Readme.md = Readme.md
		.gitignore = .gitignore
		deploy.cmd = deploy.cmd
	EndProjectSection
EndProject
Project("{FAE04EC0-301F-11D3-BF4B-00C04F79EFBC}") = "VaultShared", "src\VaultShared\VaultShared.csproj", "{706AD3A7-DCD2-4726-9868-86F49DF36BEA}"
EndProject
Project("{FAE04EC0-301F-11D3-BF4B-00C04F79EFBC}") = "BlizzardTokenHandler", "src\BlizzardTokenHandler\BlizzardTokenHandler.csproj", "{E5101DE2-727D-44D8-A639-CDA96114EBA8}"
EndProject
Global
	GlobalSection(SolutionConfigurationPlatforms) = preSolution
		Debug|Any CPU = Debug|Any CPU
		Release|Any CPU = Release|Any CPU
	EndGlobalSection
	GlobalSection(ProjectConfigurationPlatforms) = postSolution
		{91893B3D-5221-44D5-A97D-881FF74DF9EF}.Debug|Any CPU.ActiveCfg = Debug|Any CPU
		{91893B3D-5221-44D5-A97D-881FF74DF9EF}.Debug|Any CPU.Build.0 = Debug|Any CPU
		{91893B3D-5221-44D5-A97D-881FF74DF9EF}.Release|Any CPU.ActiveCfg = Release|Any CPU
		{91893B3D-5221-44D5-A97D-881FF74DF9EF}.Release|Any CPU.Build.0 = Release|Any CPU
		{706AD3A7-DCD2-4726-9868-86F49DF36BEA}.Debug|Any CPU.ActiveCfg = Debug|Any CPU
		{706AD3A7-DCD2-4726-9868-86F49DF36BEA}.Debug|Any CPU.Build.0 = Debug|Any CPU
		{706AD3A7-DCD2-4726-9868-86F49DF36BEA}.Release|Any CPU.ActiveCfg = Release|Any CPU
		{706AD3A7-DCD2-4726-9868-86F49DF36BEA}.Release|Any CPU.Build.0 = Release|Any CPU
		{E5101DE2-727D-44D8-A639-CDA96114EBA8}.Debug|Any CPU.ActiveCfg = Debug|Any CPU
		{E5101DE2-727D-44D8-A639-CDA96114EBA8}.Debug|Any CPU.Build.0 = Debug|Any CPU
		{E5101DE2-727D-44D8-A639-CDA96114EBA8}.Release|Any CPU.ActiveCfg = Release|Any CPU
		{E5101DE2-727D-44D8-A639-CDA96114EBA8}.Release|Any CPU.Build.0 = Release|Any CPU
	EndGlobalSection
EndGlobal
